// !$*UTF8*$!
{
	archiveVersion = 1;
	classes = {
	};
	objectVersion = 55;
	objects = {

/* Begin PBXBuildFile section */
		52561BFB5BAEB3D46C369B17 /* Pods_Capmix.framework in Frameworks */ = {isa = PBXBuildFile; fileRef = 1A79D60AF815412A0681B9D9 /* Pods_Capmix.framework */; };
		930F256E28191A78001E56BF /* Encode+Extension.swift in Sources */ = {isa = PBXBuildFile; fileRef = 930F256D28191A78001E56BF /* Encode+Extension.swift */; };
		931701252809A42E0005C030 /* ProjectListCell.swift in Sources */ = {isa = PBXBuildFile; fileRef = 931701232809A42E0005C030 /* ProjectListCell.swift */; };
		931701262809A42E0005C030 /* ProjectListCell.xib in Resources */ = {isa = PBXBuildFile; fileRef = 931701242809A42E0005C030 /* ProjectListCell.xib */; };
		9317012A2809A63A0005C030 /* MyMusicCell.swift in Sources */ = {isa = PBXBuildFile; fileRef = 931701282809A63A0005C030 /* MyMusicCell.swift */; };
		9317012B2809A63A0005C030 /* MyMusicCell.xib in Resources */ = {isa = PBXBuildFile; fileRef = 931701292809A63A0005C030 /* MyMusicCell.xib */; };
		931701302809D3720005C030 /* ImportPopupVC.xib in Resources */ = {isa = PBXBuildFile; fileRef = 9317012D2809D3720005C030 /* ImportPopupVC.xib */; };
		931701312809D3720005C030 /* ImportPopupVM.swift in Sources */ = {isa = PBXBuildFile; fileRef = 9317012E2809D3720005C030 /* ImportPopupVM.swift */; };
		931701322809D3720005C030 /* ImportPopupVC.swift in Sources */ = {isa = PBXBuildFile; fileRef = 9317012F2809D3720005C030 /* ImportPopupVC.swift */; };
		9317580E2802F01C007FB3FE /* BaseVC.swift in Sources */ = {isa = PBXBuildFile; fileRef = 9317580D2802F01C007FB3FE /* BaseVC.swift */; };
		931CD1FA280563C9004EC061 /* NearsCell.swift in Sources */ = {isa = PBXBuildFile; fileRef = 931CD1F8280563C9004EC061 /* NearsCell.swift */; };
		931CD1FB280563C9004EC061 /* NearsCell.xib in Resources */ = {isa = PBXBuildFile; fileRef = 931CD1F9280563C9004EC061 /* NearsCell.xib */; };
		931CD2002805680F004EC061 /* CheckVC.xib in Resources */ = {isa = PBXBuildFile; fileRef = 931CD1FD2805680F004EC061 /* CheckVC.xib */; };
		931CD2012805680F004EC061 /* CheckVM.swift in Sources */ = {isa = PBXBuildFile; fileRef = 931CD1FE2805680F004EC061 /* CheckVM.swift */; };
		931CD2022805680F004EC061 /* CheckVC.swift in Sources */ = {isa = PBXBuildFile; fileRef = 931CD1FF2805680F004EC061 /* CheckVC.swift */; };
		931CD2062805690A004EC061 /* CheclCLCell.swift in Sources */ = {isa = PBXBuildFile; fileRef = 931CD2042805690A004EC061 /* CheclCLCell.swift */; };
		931CD2072805690A004EC061 /* CheclCLCell.xib in Resources */ = {isa = PBXBuildFile; fileRef = 931CD2052805690A004EC061 /* CheclCLCell.xib */; };
		931CD20C28056D0F004EC061 /* RecordingVC.xib in Resources */ = {isa = PBXBuildFile; fileRef = 931CD20928056D0F004EC061 /* RecordingVC.xib */; };
		931CD20D28056D0F004EC061 /* RecordingVM.swift in Sources */ = {isa = PBXBuildFile; fileRef = 931CD20A28056D0F004EC061 /* RecordingVM.swift */; };
		931CD20E28056D0F004EC061 /* RecordingVC.swift in Sources */ = {isa = PBXBuildFile; fileRef = 931CD20B28056D0F004EC061 /* RecordingVC.swift */; };
		93516E2228184F3800961144 /* PushNotificationKeys.swift in Sources */ = {isa = PBXBuildFile; fileRef = 93516E2128184F3800961144 /* PushNotificationKeys.swift */; };
		936E9FDA2802CE920034E2CC /* AppDelegate.swift in Sources */ = {isa = PBXBuildFile; fileRef = 936E9FD92802CE920034E2CC /* AppDelegate.swift */; };
		936E9FDC2802CE920034E2CC /* SceneDelegate.swift in Sources */ = {isa = PBXBuildFile; fileRef = 936E9FDB2802CE920034E2CC /* SceneDelegate.swift */; };
		936E9FDE2802CE920034E2CC /* ViewController.swift in Sources */ = {isa = PBXBuildFile; fileRef = 936E9FDD2802CE920034E2CC /* ViewController.swift */; };
		936E9FE12802CE920034E2CC /* Main.storyboard in Resources */ = {isa = PBXBuildFile; fileRef = 936E9FDF2802CE920034E2CC /* Main.storyboard */; };
		936E9FE32802CE940034E2CC /* Assets.xcassets in Resources */ = {isa = PBXBuildFile; fileRef = 936E9FE22802CE940034E2CC /* Assets.xcassets */; };
		936E9FE62802CE940034E2CC /* LaunchScreen.storyboard in Resources */ = {isa = PBXBuildFile; fileRef = 936E9FE42802CE940034E2CC /* LaunchScreen.storyboard */; };
		936E9FF82802D8C10034E2CC /* OptionalMessageDTO.swift in Sources */ = {isa = PBXBuildFile; fileRef = 936E9FEF2802D8C10034E2CC /* OptionalMessageDTO.swift */; };
		936E9FF92802D8C10034E2CC /* ErrorTracker.swift in Sources */ = {isa = PBXBuildFile; fileRef = 936E9FF02802D8C10034E2CC /* ErrorTracker.swift */; };
		936E9FFA2802D8C10034E2CC /* ReadJson.swift in Sources */ = {isa = PBXBuildFile; fileRef = 936E9FF12802D8C10034E2CC /* ReadJson.swift */; };
		936E9FFB2802D8C10034E2CC /* Request.swift in Sources */ = {isa = PBXBuildFile; fileRef = 936E9FF22802D8C10034E2CC /* Request.swift */; };
		936E9FFC2802D8C10034E2CC /* RealmManager.swift in Sources */ = {isa = PBXBuildFile; fileRef = 936E9FF42802D8C10034E2CC /* RealmManager.swift */; };
		936E9FFD2802D8C10034E2CC /* RealmModel.swift in Sources */ = {isa = PBXBuildFile; fileRef = 936E9FF62802D8C10034E2CC /* RealmModel.swift */; };
		936EA0002802D9090034E2CC /* Obserable+Extension.swift in Sources */ = {isa = PBXBuildFile; fileRef = 936E9FFF2802D9090034E2CC /* Obserable+Extension.swift */; };
		936EA00C2802DBE70034E2CC /* Storage.swift in Sources */ = {isa = PBXBuildFile; fileRef = 936EA0042802DBE70034E2CC /* Storage.swift */; };
		936EA00D2802DBE70034E2CC /* AppSettings.swift in Sources */ = {isa = PBXBuildFile; fileRef = 936EA0052802DBE70034E2CC /* AppSettings.swift */; };
		936EA00F2802DBE70034E2CC /* ResultURLModel.swift in Sources */ = {isa = PBXBuildFile; fileRef = 936EA0092802DBE70034E2CC /* ResultURLModel.swift */; };
		936EA0102802DBE70034E2CC /* RangeTimeSlider.swift in Sources */ = {isa = PBXBuildFile; fileRef = 936EA00B2802DBE70034E2CC /* RangeTimeSlider.swift */; };
		936EA0152802DF510034E2CC /* CampixManage.swift in Sources */ = {isa = PBXBuildFile; fileRef = 936EA0142802DF510034E2CC /* CampixManage.swift */; };
		936EA01A2802DFCC0034E2CC /* HomeVC.xib in Resources */ = {isa = PBXBuildFile; fileRef = 936EA0172802DFCC0034E2CC /* HomeVC.xib */; };
		936EA01B2802DFCC0034E2CC /* HomeVM.swift in Sources */ = {isa = PBXBuildFile; fileRef = 936EA0182802DFCC0034E2CC /* HomeVM.swift */; };
		936EA01C2802DFCC0034E2CC /* HomeVC.swift in Sources */ = {isa = PBXBuildFile; fileRef = 936EA0192802DFCC0034E2CC /* HomeVC.swift */; };
		936EA01E2802E0A20034E2CC /* UIFont+Extension.swift in Sources */ = {isa = PBXBuildFile; fileRef = 936EA01D2802E0A20034E2CC /* UIFont+Extension.swift */; };
		936EA0232802E0C90034E2CC /* Constant.swift in Sources */ = {isa = PBXBuildFile; fileRef = 936EA0202802E0C90034E2CC /* Constant.swift */; };
		936EA0242802E0C90034E2CC /* GetHeightSafeArea.swift in Sources */ = {isa = PBXBuildFile; fileRef = 936EA0212802E0C90034E2CC /* GetHeightSafeArea.swift */; };
		936EA0252802E0C90034E2CC /* SettingDefaultFont.swift in Sources */ = {isa = PBXBuildFile; fileRef = 936EA0222802E0C90034E2CC /* SettingDefaultFont.swift */; };
		936EA02A2802E1780034E2CC /* ListFont.swift in Sources */ = {isa = PBXBuildFile; fileRef = 936EA0282802E1780034E2CC /* ListFont.swift */; };
		936EA02B2802E1780034E2CC /* ListFont.xib in Resources */ = {isa = PBXBuildFile; fileRef = 936EA0292802E1780034E2CC /* ListFont.xib */; };
		936EA03F2802E1C80034E2CC /* FontsFree-Net-SFProText-Regular.ttf in Resources */ = {isa = PBXBuildFile; fileRef = 936EA0352802E1C80034E2CC /* FontsFree-Net-SFProText-Regular.ttf */; };
		936EA0402802E1C80034E2CC /* FontsFree-Net-SFProText-Semibold.ttf in Resources */ = {isa = PBXBuildFile; fileRef = 936EA0362802E1C80034E2CC /* FontsFree-Net-SFProText-Semibold.ttf */; };
		936EA0412802E1C80034E2CC /* FontsFree-Net-SFProText-Medium.ttf in Resources */ = {isa = PBXBuildFile; fileRef = 936EA0372802E1C80034E2CC /* FontsFree-Net-SFProText-Medium.ttf */; };
		936EA0422802E1C80034E2CC /* FontsFree-Net-SFProDisplay-Bold.ttf in Resources */ = {isa = PBXBuildFile; fileRef = 936EA0392802E1C80034E2CC /* FontsFree-Net-SFProDisplay-Bold.ttf */; };
		9399C1F62806D9E9007414FC /* TimeLineView.swift in Sources */ = {isa = PBXBuildFile; fileRef = 9399C1F52806D9E9007414FC /* TimeLineView.swift */; };
		9399C1F82806D9FB007414FC /* TimeLineView.xib in Resources */ = {isa = PBXBuildFile; fileRef = 9399C1F72806D9FB007414FC /* TimeLineView.xib */; };
		939BADB92805BEBE0054768D /* PropertyWapper.swift in Sources */ = {isa = PBXBuildFile; fileRef = 939BADB82805BEBE0054768D /* PropertyWapper.swift */; };
		93A31F872814FCDC00DAAA1F /* ExportAudioVC.xib in Resources */ = {isa = PBXBuildFile; fileRef = 93A31F842814FCDC00DAAA1F /* ExportAudioVC.xib */; };
		93A31F882814FCDC00DAAA1F /* ExportAudioVM.swift in Sources */ = {isa = PBXBuildFile; fileRef = 93A31F852814FCDC00DAAA1F /* ExportAudioVM.swift */; };
		93A31F892814FCDC00DAAA1F /* ExportAudioVC.swift in Sources */ = {isa = PBXBuildFile; fileRef = 93A31F862814FCDC00DAAA1F /* ExportAudioVC.swift */; };
		93B257632803E172000BECA5 /* HomeCell.swift in Sources */ = {isa = PBXBuildFile; fileRef = 93B257612803E172000BECA5 /* HomeCell.swift */; };
		93B257642803E172000BECA5 /* HomeCell.xib in Resources */ = {isa = PBXBuildFile; fileRef = 93B257622803E172000BECA5 /* HomeCell.xib */; };
		93B257662803E50D000BECA5 /* BaseTableViewCell.swift in Sources */ = {isa = PBXBuildFile; fileRef = 93B257652803E50D000BECA5 /* BaseTableViewCell.swift */; };
		93B2576A2803E72C000BECA5 /* Localizable.strings in Resources */ = {isa = PBXBuildFile; fileRef = 93B257692803E72C000BECA5 /* Localizable.strings */; };
		93B2576E2803E762000BECA5 /* Assets-Gen.swift in Sources */ = {isa = PBXBuildFile; fileRef = 93B2576C2803E762000BECA5 /* Assets-Gen.swift */; };
		93B2576F2803E762000BECA5 /* Strings-Gen.swift in Sources */ = {isa = PBXBuildFile; fileRef = 93B2576D2803E762000BECA5 /* Strings-Gen.swift */; };
		93B37A5628050CE800058E10 /* ProjectsCell.swift in Sources */ = {isa = PBXBuildFile; fileRef = 93B37A5428050CE800058E10 /* ProjectsCell.swift */; };
		93B37A5728050CE800058E10 /* ProjectsCell.xib in Resources */ = {isa = PBXBuildFile; fileRef = 93B37A5528050CE800058E10 /* ProjectsCell.xib */; };
		93D59771280D905300C4C345 /* NewProjectVC.xib in Resources */ = {isa = PBXBuildFile; fileRef = 93D5976E280D905300C4C345 /* NewProjectVC.xib */; };
		93D59772280D905300C4C345 /* NewProjectVM.swift in Sources */ = {isa = PBXBuildFile; fileRef = 93D5976F280D905300C4C345 /* NewProjectVM.swift */; };
		93D59773280D905300C4C345 /* NewProjectVC.swift in Sources */ = {isa = PBXBuildFile; fileRef = 93D59770280D905300C4C345 /* NewProjectVC.swift */; };
		93DA6C55280874E40077D3F7 /* ProjectListVC.xib in Resources */ = {isa = PBXBuildFile; fileRef = 93DA6C52280874E40077D3F7 /* ProjectListVC.xib */; };
		93DA6C56280874E40077D3F7 /* ProjectListVM.swift in Sources */ = {isa = PBXBuildFile; fileRef = 93DA6C53280874E40077D3F7 /* ProjectListVM.swift */; };
		93DA6C57280874E40077D3F7 /* ProjectListVC.swift in Sources */ = {isa = PBXBuildFile; fileRef = 93DA6C54280874E40077D3F7 /* ProjectListVC.swift */; };
/* End PBXBuildFile section */

/* Begin PBXCopyFilesBuildPhase section */
		93463D9928104541003B86DE /* Embed Frameworks */ = {
			isa = PBXCopyFilesBuildPhase;
			buildActionMask = 2147483647;
			dstPath = "";
			dstSubfolderSpec = 10;
			files = (
			);
			name = "Embed Frameworks";
			runOnlyForDeploymentPostprocessing = 0;
		};
/* End PBXCopyFilesBuildPhase section */

/* Begin PBXFileReference section */
		1A79D60AF815412A0681B9D9 /* Pods_Capmix.framework */ = {isa = PBXFileReference; explicitFileType = wrapper.framework; includeInIndex = 0; path = Pods_Capmix.framework; sourceTree = BUILT_PRODUCTS_DIR; };
		43D4E4D20EEDDB4E3399CC79 /* Pods-Capmix.debug.xcconfig */ = {isa = PBXFileReference; includeInIndex = 1; lastKnownFileType = text.xcconfig; name = "Pods-Capmix.debug.xcconfig"; path = "Target Support Files/Pods-Capmix/Pods-Capmix.debug.xcconfig"; sourceTree = "<group>"; };
		930F256D28191A78001E56BF /* Encode+Extension.swift */ = {isa = PBXFileReference; fileEncoding = 4; lastKnownFileType = sourcecode.swift; path = "Encode+Extension.swift"; sourceTree = "<group>"; };
		931701232809A42E0005C030 /* ProjectListCell.swift */ = {isa = PBXFileReference; lastKnownFileType = sourcecode.swift; path = ProjectListCell.swift; sourceTree = "<group>"; };
		931701242809A42E0005C030 /* ProjectListCell.xib */ = {isa = PBXFileReference; lastKnownFileType = file.xib; path = ProjectListCell.xib; sourceTree = "<group>"; };
		931701282809A63A0005C030 /* MyMusicCell.swift */ = {isa = PBXFileReference; lastKnownFileType = sourcecode.swift; path = MyMusicCell.swift; sourceTree = "<group>"; };
		931701292809A63A0005C030 /* MyMusicCell.xib */ = {isa = PBXFileReference; lastKnownFileType = file.xib; path = MyMusicCell.xib; sourceTree = "<group>"; };
		9317012D2809D3720005C030 /* ImportPopupVC.xib */ = {isa = PBXFileReference; lastKnownFileType = file.xib; path = ImportPopupVC.xib; sourceTree = "<group>"; };
		9317012E2809D3720005C030 /* ImportPopupVM.swift */ = {isa = PBXFileReference; lastKnownFileType = sourcecode.swift; path = ImportPopupVM.swift; sourceTree = "<group>"; };
		9317012F2809D3720005C030 /* ImportPopupVC.swift */ = {isa = PBXFileReference; lastKnownFileType = sourcecode.swift; path = ImportPopupVC.swift; sourceTree = "<group>"; };
		9317580D2802F01C007FB3FE /* BaseVC.swift */ = {isa = PBXFileReference; lastKnownFileType = sourcecode.swift; path = BaseVC.swift; sourceTree = "<group>"; };
		931CD1F8280563C9004EC061 /* NearsCell.swift */ = {isa = PBXFileReference; lastKnownFileType = sourcecode.swift; path = NearsCell.swift; sourceTree = "<group>"; };
		931CD1F9280563C9004EC061 /* NearsCell.xib */ = {isa = PBXFileReference; lastKnownFileType = file.xib; path = NearsCell.xib; sourceTree = "<group>"; };
		931CD1FD2805680F004EC061 /* CheckVC.xib */ = {isa = PBXFileReference; lastKnownFileType = file.xib; path = CheckVC.xib; sourceTree = "<group>"; };
		931CD1FE2805680F004EC061 /* CheckVM.swift */ = {isa = PBXFileReference; lastKnownFileType = sourcecode.swift; path = CheckVM.swift; sourceTree = "<group>"; };
		931CD1FF2805680F004EC061 /* CheckVC.swift */ = {isa = PBXFileReference; lastKnownFileType = sourcecode.swift; path = CheckVC.swift; sourceTree = "<group>"; };
		931CD2042805690A004EC061 /* CheclCLCell.swift */ = {isa = PBXFileReference; lastKnownFileType = sourcecode.swift; path = CheclCLCell.swift; sourceTree = "<group>"; };
		931CD2052805690A004EC061 /* CheclCLCell.xib */ = {isa = PBXFileReference; lastKnownFileType = file.xib; path = CheclCLCell.xib; sourceTree = "<group>"; };
		931CD20928056D0F004EC061 /* RecordingVC.xib */ = {isa = PBXFileReference; lastKnownFileType = file.xib; path = RecordingVC.xib; sourceTree = "<group>"; };
		931CD20A28056D0F004EC061 /* RecordingVM.swift */ = {isa = PBXFileReference; lastKnownFileType = sourcecode.swift; path = RecordingVM.swift; sourceTree = "<group>"; };
		931CD20B28056D0F004EC061 /* RecordingVC.swift */ = {isa = PBXFileReference; lastKnownFileType = sourcecode.swift; path = RecordingVC.swift; sourceTree = "<group>"; };
		93516E2128184F3800961144 /* PushNotificationKeys.swift */ = {isa = PBXFileReference; lastKnownFileType = sourcecode.swift; path = PushNotificationKeys.swift; sourceTree = "<group>"; };
		936E9FD62802CE920034E2CC /* Capmix.app */ = {isa = PBXFileReference; explicitFileType = wrapper.application; includeInIndex = 0; path = Capmix.app; sourceTree = BUILT_PRODUCTS_DIR; };
		936E9FD92802CE920034E2CC /* AppDelegate.swift */ = {isa = PBXFileReference; lastKnownFileType = sourcecode.swift; path = AppDelegate.swift; sourceTree = "<group>"; };
		936E9FDB2802CE920034E2CC /* SceneDelegate.swift */ = {isa = PBXFileReference; lastKnownFileType = sourcecode.swift; path = SceneDelegate.swift; sourceTree = "<group>"; };
		936E9FDD2802CE920034E2CC /* ViewController.swift */ = {isa = PBXFileReference; lastKnownFileType = sourcecode.swift; path = ViewController.swift; sourceTree = "<group>"; };
		936E9FE02802CE920034E2CC /* Base */ = {isa = PBXFileReference; lastKnownFileType = file.storyboard; name = Base; path = Base.lproj/Main.storyboard; sourceTree = "<group>"; };
		936E9FE22802CE940034E2CC /* Assets.xcassets */ = {isa = PBXFileReference; lastKnownFileType = folder.assetcatalog; path = Assets.xcassets; sourceTree = "<group>"; };
		936E9FE52802CE940034E2CC /* Base */ = {isa = PBXFileReference; lastKnownFileType = file.storyboard; name = Base; path = Base.lproj/LaunchScreen.storyboard; sourceTree = "<group>"; };
		936E9FE72802CE950034E2CC /* Info.plist */ = {isa = PBXFileReference; lastKnownFileType = text.plist.xml; path = Info.plist; sourceTree = "<group>"; };
		936E9FEF2802D8C10034E2CC /* OptionalMessageDTO.swift */ = {isa = PBXFileReference; fileEncoding = 4; lastKnownFileType = sourcecode.swift; path = OptionalMessageDTO.swift; sourceTree = "<group>"; };
		936E9FF02802D8C10034E2CC /* ErrorTracker.swift */ = {isa = PBXFileReference; fileEncoding = 4; lastKnownFileType = sourcecode.swift; path = ErrorTracker.swift; sourceTree = "<group>"; };
		936E9FF12802D8C10034E2CC /* ReadJson.swift */ = {isa = PBXFileReference; fileEncoding = 4; lastKnownFileType = sourcecode.swift; path = ReadJson.swift; sourceTree = "<group>"; };
		936E9FF22802D8C10034E2CC /* Request.swift */ = {isa = PBXFileReference; fileEncoding = 4; lastKnownFileType = sourcecode.swift; path = Request.swift; sourceTree = "<group>"; };
		936E9FF42802D8C10034E2CC /* RealmManager.swift */ = {isa = PBXFileReference; fileEncoding = 4; lastKnownFileType = sourcecode.swift; path = RealmManager.swift; sourceTree = "<group>"; };
		936E9FF62802D8C10034E2CC /* RealmModel.swift */ = {isa = PBXFileReference; fileEncoding = 4; lastKnownFileType = sourcecode.swift; path = RealmModel.swift; sourceTree = "<group>"; };
		936E9FFF2802D9090034E2CC /* Obserable+Extension.swift */ = {isa = PBXFileReference; fileEncoding = 4; lastKnownFileType = sourcecode.swift; path = "Obserable+Extension.swift"; sourceTree = "<group>"; };
		936EA0042802DBE70034E2CC /* Storage.swift */ = {isa = PBXFileReference; fileEncoding = 4; lastKnownFileType = sourcecode.swift; path = Storage.swift; sourceTree = "<group>"; };
		936EA0052802DBE70034E2CC /* AppSettings.swift */ = {isa = PBXFileReference; fileEncoding = 4; lastKnownFileType = sourcecode.swift; path = AppSettings.swift; sourceTree = "<group>"; };
		936EA0092802DBE70034E2CC /* ResultURLModel.swift */ = {isa = PBXFileReference; fileEncoding = 4; lastKnownFileType = sourcecode.swift; path = ResultURLModel.swift; sourceTree = "<group>"; };
		936EA00B2802DBE70034E2CC /* RangeTimeSlider.swift */ = {isa = PBXFileReference; fileEncoding = 4; lastKnownFileType = sourcecode.swift; path = RangeTimeSlider.swift; sourceTree = "<group>"; };
		936EA0142802DF510034E2CC /* CampixManage.swift */ = {isa = PBXFileReference; lastKnownFileType = sourcecode.swift; path = CampixManage.swift; sourceTree = "<group>"; };
		936EA0172802DFCC0034E2CC /* HomeVC.xib */ = {isa = PBXFileReference; lastKnownFileType = file.xib; path = HomeVC.xib; sourceTree = "<group>"; };
		936EA0182802DFCC0034E2CC /* HomeVM.swift */ = {isa = PBXFileReference; lastKnownFileType = sourcecode.swift; path = HomeVM.swift; sourceTree = "<group>"; };
		936EA0192802DFCC0034E2CC /* HomeVC.swift */ = {isa = PBXFileReference; lastKnownFileType = sourcecode.swift; path = HomeVC.swift; sourceTree = "<group>"; };
		936EA01D2802E0A20034E2CC /* UIFont+Extension.swift */ = {isa = PBXFileReference; fileEncoding = 4; lastKnownFileType = sourcecode.swift; path = "UIFont+Extension.swift"; sourceTree = "<group>"; };
		936EA0202802E0C90034E2CC /* Constant.swift */ = {isa = PBXFileReference; fileEncoding = 4; lastKnownFileType = sourcecode.swift; path = Constant.swift; sourceTree = "<group>"; };
		936EA0212802E0C90034E2CC /* GetHeightSafeArea.swift */ = {isa = PBXFileReference; fileEncoding = 4; lastKnownFileType = sourcecode.swift; path = GetHeightSafeArea.swift; sourceTree = "<group>"; };
		936EA0222802E0C90034E2CC /* SettingDefaultFont.swift */ = {isa = PBXFileReference; fileEncoding = 4; lastKnownFileType = sourcecode.swift; path = SettingDefaultFont.swift; sourceTree = "<group>"; };
		936EA0282802E1780034E2CC /* ListFont.swift */ = {isa = PBXFileReference; lastKnownFileType = sourcecode.swift; path = ListFont.swift; sourceTree = "<group>"; };
		936EA0292802E1780034E2CC /* ListFont.xib */ = {isa = PBXFileReference; lastKnownFileType = file.xib; path = ListFont.xib; sourceTree = "<group>"; };
		936EA0352802E1C80034E2CC /* FontsFree-Net-SFProText-Regular.ttf */ = {isa = PBXFileReference; lastKnownFileType = file; path = "FontsFree-Net-SFProText-Regular.ttf"; sourceTree = "<group>"; };
		936EA0362802E1C80034E2CC /* FontsFree-Net-SFProText-Semibold.ttf */ = {isa = PBXFileReference; lastKnownFileType = file; path = "FontsFree-Net-SFProText-Semibold.ttf"; sourceTree = "<group>"; };
		936EA0372802E1C80034E2CC /* FontsFree-Net-SFProText-Medium.ttf */ = {isa = PBXFileReference; lastKnownFileType = file; path = "FontsFree-Net-SFProText-Medium.ttf"; sourceTree = "<group>"; };
		936EA0392802E1C80034E2CC /* FontsFree-Net-SFProDisplay-Bold.ttf */ = {isa = PBXFileReference; lastKnownFileType = file; path = "FontsFree-Net-SFProDisplay-Bold.ttf"; sourceTree = "<group>"; };
		9399C1F52806D9E9007414FC /* TimeLineView.swift */ = {isa = PBXFileReference; lastKnownFileType = sourcecode.swift; path = TimeLineView.swift; sourceTree = "<group>"; };
		9399C1F72806D9FB007414FC /* TimeLineView.xib */ = {isa = PBXFileReference; lastKnownFileType = file.xib; path = TimeLineView.xib; sourceTree = "<group>"; };
		939BADB82805BEBE0054768D /* PropertyWapper.swift */ = {isa = PBXFileReference; fileEncoding = 4; lastKnownFileType = sourcecode.swift; path = PropertyWapper.swift; sourceTree = "<group>"; };
		93A31F842814FCDC00DAAA1F /* ExportAudioVC.xib */ = {isa = PBXFileReference; lastKnownFileType = file.xib; path = ExportAudioVC.xib; sourceTree = "<group>"; };
		93A31F852814FCDC00DAAA1F /* ExportAudioVM.swift */ = {isa = PBXFileReference; lastKnownFileType = sourcecode.swift; path = ExportAudioVM.swift; sourceTree = "<group>"; };
		93A31F862814FCDC00DAAA1F /* ExportAudioVC.swift */ = {isa = PBXFileReference; lastKnownFileType = sourcecode.swift; path = ExportAudioVC.swift; sourceTree = "<group>"; };
		93B257612803E172000BECA5 /* HomeCell.swift */ = {isa = PBXFileReference; lastKnownFileType = sourcecode.swift; path = HomeCell.swift; sourceTree = "<group>"; };
		93B257622803E172000BECA5 /* HomeCell.xib */ = {isa = PBXFileReference; lastKnownFileType = file.xib; path = HomeCell.xib; sourceTree = "<group>"; };
		93B257652803E50D000BECA5 /* BaseTableViewCell.swift */ = {isa = PBXFileReference; lastKnownFileType = sourcecode.swift; path = BaseTableViewCell.swift; sourceTree = "<group>"; };
		93B257672803E704000BECA5 /* swiftgen.yml */ = {isa = PBXFileReference; lastKnownFileType = text.yaml; path = swiftgen.yml; sourceTree = "<group>"; };
		93B257692803E72C000BECA5 /* Localizable.strings */ = {isa = PBXFileReference; lastKnownFileType = text.plist.strings; path = Localizable.strings; sourceTree = "<group>"; };
		93B2576C2803E762000BECA5 /* Assets-Gen.swift */ = {isa = PBXFileReference; fileEncoding = 4; lastKnownFileType = sourcecode.swift; path = "Assets-Gen.swift"; sourceTree = "<group>"; };
		93B2576D2803E762000BECA5 /* Strings-Gen.swift */ = {isa = PBXFileReference; fileEncoding = 4; lastKnownFileType = sourcecode.swift; path = "Strings-Gen.swift"; sourceTree = "<group>"; };
		93B37A5428050CE800058E10 /* ProjectsCell.swift */ = {isa = PBXFileReference; lastKnownFileType = sourcecode.swift; path = ProjectsCell.swift; sourceTree = "<group>"; };
		93B37A5528050CE800058E10 /* ProjectsCell.xib */ = {isa = PBXFileReference; lastKnownFileType = file.xib; path = ProjectsCell.xib; sourceTree = "<group>"; };
		93D5976E280D905300C4C345 /* NewProjectVC.xib */ = {isa = PBXFileReference; lastKnownFileType = file.xib; path = NewProjectVC.xib; sourceTree = "<group>"; };
		93D5976F280D905300C4C345 /* NewProjectVM.swift */ = {isa = PBXFileReference; lastKnownFileType = sourcecode.swift; path = NewProjectVM.swift; sourceTree = "<group>"; };
		93D59770280D905300C4C345 /* NewProjectVC.swift */ = {isa = PBXFileReference; lastKnownFileType = sourcecode.swift; path = NewProjectVC.swift; sourceTree = "<group>"; };
		93DA6C52280874E40077D3F7 /* ProjectListVC.xib */ = {isa = PBXFileReference; lastKnownFileType = file.xib; path = ProjectListVC.xib; sourceTree = "<group>"; };
		93DA6C53280874E40077D3F7 /* ProjectListVM.swift */ = {isa = PBXFileReference; lastKnownFileType = sourcecode.swift; path = ProjectListVM.swift; sourceTree = "<group>"; };
		93DA6C54280874E40077D3F7 /* ProjectListVC.swift */ = {isa = PBXFileReference; lastKnownFileType = sourcecode.swift; path = ProjectListVC.swift; sourceTree = "<group>"; };
		97BC998B569D8DEBB99121D5 /* Pods-Capmix.release.xcconfig */ = {isa = PBXFileReference; includeInIndex = 1; lastKnownFileType = text.xcconfig; name = "Pods-Capmix.release.xcconfig"; path = "Target Support Files/Pods-Capmix/Pods-Capmix.release.xcconfig"; sourceTree = "<group>"; };
/* End PBXFileReference section */

/* Begin PBXFrameworksBuildPhase section */
		936E9FD32802CE920034E2CC /* Frameworks */ = {
			isa = PBXFrameworksBuildPhase;
			buildActionMask = 2147483647;
			files = (
				52561BFB5BAEB3D46C369B17 /* Pods_Capmix.framework in Frameworks */,
			);
			runOnlyForDeploymentPostprocessing = 0;
		};
/* End PBXFrameworksBuildPhase section */

/* Begin PBXGroup section */
		9317011D2809A3B50005C030 /* Cell */ = {
			isa = PBXGroup;
			children = (
				931701272809A6220005C030 /* MyMusicCell */,
				931701222809A4180005C030 /* ProjectListCell */,
			);
			path = Cell;
			sourceTree = "<group>";
		};
		931701222809A4180005C030 /* ProjectListCell */ = {
			isa = PBXGroup;
			children = (
				931701232809A42E0005C030 /* ProjectListCell.swift */,
				931701242809A42E0005C030 /* ProjectListCell.xib */,
			);
			path = ProjectListCell;
			sourceTree = "<group>";
		};
		931701272809A6220005C030 /* MyMusicCell */ = {
			isa = PBXGroup;
			children = (
				931701282809A63A0005C030 /* MyMusicCell.swift */,
				931701292809A63A0005C030 /* MyMusicCell.xib */,
			);
			path = MyMusicCell;
			sourceTree = "<group>";
		};
		9317012C2809D35A0005C030 /* ImportPopup */ = {
			isa = PBXGroup;
			children = (
				9317012D2809D3720005C030 /* ImportPopupVC.xib */,
				9317012E2809D3720005C030 /* ImportPopupVM.swift */,
				9317012F2809D3720005C030 /* ImportPopupVC.swift */,
			);
			path = ImportPopup;
			sourceTree = "<group>";
		};
		9317580C2802EFFB007FB3FE /* BaseVC */ = {
			isa = PBXGroup;
			children = (
				9317580D2802F01C007FB3FE /* BaseVC.swift */,
				93B257652803E50D000BECA5 /* BaseTableViewCell.swift */,
			);
			path = BaseVC;
			sourceTree = "<group>";
		};
		931CD1F7280563A1004EC061 /* Cell */ = {
			isa = PBXGroup;
			children = (
				931CD1F8280563C9004EC061 /* NearsCell.swift */,
				931CD1F9280563C9004EC061 /* NearsCell.xib */,
			);
			path = Cell;
			sourceTree = "<group>";
		};
		931CD1FC28056801004EC061 /* Check */ = {
			isa = PBXGroup;
			children = (
				931CD203280568F8004EC061 /* Cell */,
				931CD1FD2805680F004EC061 /* CheckVC.xib */,
				931CD1FE2805680F004EC061 /* CheckVM.swift */,
				931CD1FF2805680F004EC061 /* CheckVC.swift */,
			);
			path = Check;
			sourceTree = "<group>";
		};
		931CD203280568F8004EC061 /* Cell */ = {
			isa = PBXGroup;
			children = (
				931CD2042805690A004EC061 /* CheclCLCell.swift */,
				931CD2052805690A004EC061 /* CheclCLCell.xib */,
			);
			path = Cell;
			sourceTree = "<group>";
		};
		931CD20828056CFC004EC061 /* Recording */ = {
			isa = PBXGroup;
			children = (
				931CD20928056D0F004EC061 /* RecordingVC.xib */,
				931CD20A28056D0F004EC061 /* RecordingVM.swift */,
				931CD20B28056D0F004EC061 /* RecordingVC.swift */,
			);
			path = Recording;
			sourceTree = "<group>";
		};
		936E9FCD2802CE920034E2CC = {
			isa = PBXGroup;
			children = (
				936E9FD82802CE920034E2CC /* Capmix */,
				936E9FD72802CE920034E2CC /* Products */,
				A5690CE4BFE8650CDAE6A7B7 /* Pods */,
				EEC4D72D6BA1CFFC147E2918 /* Frameworks */,
			);
			sourceTree = "<group>";
		};
		936E9FD72802CE920034E2CC /* Products */ = {
			isa = PBXGroup;
			children = (
				936E9FD62802CE920034E2CC /* Capmix.app */,
			);
			name = Products;
			sourceTree = "<group>";
		};
		936E9FD82802CE920034E2CC /* Capmix */ = {
			isa = PBXGroup;
			children = (
				93B257672803E704000BECA5 /* swiftgen.yml */,
				93B257682803E715000BECA5 /* Localizable */,
				93B2576B2803E73F000BECA5 /* SwiftGen */,
				936EA02C2802E1C80034E2CC /* Resources */,
				936E9FFE2802D8FB0034E2CC /* Library */,
				936E9FED2802D8C10034E2CC /* Networking */,
				9317580C2802EFFB007FB3FE /* BaseVC */,
				936EA0022802DBE70034E2CC /* Common */,
				936EA0262802E13C0034E2CC /* CustomView */,
				936EA0012802DB9F0034E2CC /* Manage */,
				936EA0132802DF320034E2CC /* Modules */,
				936E9FD92802CE920034E2CC /* AppDelegate.swift */,
				936E9FDB2802CE920034E2CC /* SceneDelegate.swift */,
				936E9FDD2802CE920034E2CC /* ViewController.swift */,
				936E9FDF2802CE920034E2CC /* Main.storyboard */,
				936E9FE22802CE940034E2CC /* Assets.xcassets */,
				936E9FE42802CE940034E2CC /* LaunchScreen.storyboard */,
				936E9FE72802CE950034E2CC /* Info.plist */,
			);
			path = Capmix;
			sourceTree = "<group>";
		};
		936E9FED2802D8C10034E2CC /* Networking */ = {
			isa = PBXGroup;
			children = (
				936E9FEF2802D8C10034E2CC /* OptionalMessageDTO.swift */,
				936E9FF02802D8C10034E2CC /* ErrorTracker.swift */,
				936E9FF12802D8C10034E2CC /* ReadJson.swift */,
				936E9FF22802D8C10034E2CC /* Request.swift */,
				936E9FF32802D8C10034E2CC /* Realm */,
			);
			path = Networking;
			sourceTree = "<group>";
		};
		936E9FF32802D8C10034E2CC /* Realm */ = {
			isa = PBXGroup;
			children = (
				936E9FF42802D8C10034E2CC /* RealmManager.swift */,
				936E9FF52802D8C10034E2CC /* Realm */,
			);
			path = Realm;
			sourceTree = "<group>";
		};
		936E9FF52802D8C10034E2CC /* Realm */ = {
			isa = PBXGroup;
			children = (
				936E9FF62802D8C10034E2CC /* RealmModel.swift */,
			);
			path = Realm;
			sourceTree = "<group>";
		};
		936E9FFE2802D8FB0034E2CC /* Library */ = {
			isa = PBXGroup;
			children = (
				930F256D28191A78001E56BF /* Encode+Extension.swift */,
				936EA01D2802E0A20034E2CC /* UIFont+Extension.swift */,
				936E9FFF2802D9090034E2CC /* Obserable+Extension.swift */,
				939BADB82805BEBE0054768D /* PropertyWapper.swift */,
				93516E2128184F3800961144 /* PushNotificationKeys.swift */,
			);
			path = Library;
			sourceTree = "<group>";
		};
		936EA0012802DB9F0034E2CC /* Manage */ = {
			isa = PBXGroup;
			children = (
				936EA0142802DF510034E2CC /* CampixManage.swift */,
			);
			path = Manage;
			sourceTree = "<group>";
		};
		936EA0022802DBE70034E2CC /* Common */ = {
			isa = PBXGroup;
			children = (
				936EA01F2802E0C90034E2CC /* Constant */,
				936EA0032802DBE70034E2CC /* AppConfig */,
				936EA0082802DBE70034E2CC /* ResultURLModel */,
				936EA00A2802DBE70034E2CC /* RangeTimeSlider */,
			);
			path = Common;
			sourceTree = "<group>";
		};
		936EA0032802DBE70034E2CC /* AppConfig */ = {
			isa = PBXGroup;
			children = (
				936EA0042802DBE70034E2CC /* Storage.swift */,
				936EA0052802DBE70034E2CC /* AppSettings.swift */,
			);
			path = AppConfig;
			sourceTree = "<group>";
		};
		936EA0082802DBE70034E2CC /* ResultURLModel */ = {
			isa = PBXGroup;
			children = (
				936EA0092802DBE70034E2CC /* ResultURLModel.swift */,
			);
			path = ResultURLModel;
			sourceTree = "<group>";
		};
		936EA00A2802DBE70034E2CC /* RangeTimeSlider */ = {
			isa = PBXGroup;
			children = (
				936EA00B2802DBE70034E2CC /* RangeTimeSlider.swift */,
			);
			path = RangeTimeSlider;
			sourceTree = "<group>";
		};
		936EA0132802DF320034E2CC /* Modules */ = {
			isa = PBXGroup;
			children = (
				93A31F832814FCC900DAAA1F /* Export */,
				93D5976D280D903700C4C345 /* NewProject */,
				9317012C2809D35A0005C030 /* ImportPopup */,
				931CD1FC28056801004EC061 /* Check */,
				93DA6C51280874D20077D3F7 /* ProjectList */,
				931CD20828056CFC004EC061 /* Recording */,
				936EA0162802DFAD0034E2CC /* Home */,
			);
			path = Modules;
			sourceTree = "<group>";
		};
		936EA0162802DFAD0034E2CC /* Home */ = {
			isa = PBXGroup;
			children = (
				93B257602803E15A000BECA5 /* Cell */,
				936EA0172802DFCC0034E2CC /* HomeVC.xib */,
				936EA0182802DFCC0034E2CC /* HomeVM.swift */,
				936EA0192802DFCC0034E2CC /* HomeVC.swift */,
			);
			path = Home;
			sourceTree = "<group>";
		};
		936EA01F2802E0C90034E2CC /* Constant */ = {
			isa = PBXGroup;
			children = (
				936EA0202802E0C90034E2CC /* Constant.swift */,
				936EA0212802E0C90034E2CC /* GetHeightSafeArea.swift */,
				936EA0222802E0C90034E2CC /* SettingDefaultFont.swift */,
			);
			path = Constant;
			sourceTree = "<group>";
		};
		936EA0262802E13C0034E2CC /* CustomView */ = {
			isa = PBXGroup;
			children = (
				9399C1F42806D9C2007414FC /* TimeLine */,
				936EA0272802E1500034E2CC /* ListFont */,
			);
			path = CustomView;
			sourceTree = "<group>";
		};
		936EA0272802E1500034E2CC /* ListFont */ = {
			isa = PBXGroup;
			children = (
				936EA0282802E1780034E2CC /* ListFont.swift */,
				936EA0292802E1780034E2CC /* ListFont.xib */,
			);
			path = ListFont;
			sourceTree = "<group>";
		};
		936EA02C2802E1C80034E2CC /* Resources */ = {
			isa = PBXGroup;
			children = (
				936EA0332802E1C80034E2CC /* font */,
			);
			path = Resources;
			sourceTree = "<group>";
		};
		936EA0332802E1C80034E2CC /* font */ = {
			isa = PBXGroup;
			children = (
				936EA0342802E1C80034E2CC /* fontSFPro */,
				936EA0382802E1C80034E2CC /* display */,
			);
			path = font;
			sourceTree = "<group>";
		};
		936EA0342802E1C80034E2CC /* fontSFPro */ = {
			isa = PBXGroup;
			children = (
				936EA0352802E1C80034E2CC /* FontsFree-Net-SFProText-Regular.ttf */,
				936EA0362802E1C80034E2CC /* FontsFree-Net-SFProText-Semibold.ttf */,
				936EA0372802E1C80034E2CC /* FontsFree-Net-SFProText-Medium.ttf */,
			);
			path = fontSFPro;
			sourceTree = "<group>";
		};
		936EA0382802E1C80034E2CC /* display */ = {
			isa = PBXGroup;
			children = (
				936EA0392802E1C80034E2CC /* FontsFree-Net-SFProDisplay-Bold.ttf */,
			);
			path = display;
			sourceTree = "<group>";
		};
		9399C1F42806D9C2007414FC /* TimeLine */ = {
			isa = PBXGroup;
			children = (
				9399C1F52806D9E9007414FC /* TimeLineView.swift */,
				9399C1F72806D9FB007414FC /* TimeLineView.xib */,
			);
			path = TimeLine;
			sourceTree = "<group>";
		};
		93A31F832814FCC900DAAA1F /* Export */ = {
			isa = PBXGroup;
			children = (
				93A31F842814FCDC00DAAA1F /* ExportAudioVC.xib */,
				93A31F852814FCDC00DAAA1F /* ExportAudioVM.swift */,
				93A31F862814FCDC00DAAA1F /* ExportAudioVC.swift */,
			);
			path = Export;
			sourceTree = "<group>";
		};
		93B257602803E15A000BECA5 /* Cell */ = {
			isa = PBXGroup;
			children = (
				93B37A5328050CBC00058E10 /* Projects */,
				93B37A5228050CAE00058E10 /* Normal */,
			);
			path = Cell;
			sourceTree = "<group>";
		};
		93B257682803E715000BECA5 /* Localizable */ = {
			isa = PBXGroup;
			children = (
				93B257692803E72C000BECA5 /* Localizable.strings */,
			);
			path = Localizable;
			sourceTree = "<group>";
		};
		93B2576B2803E73F000BECA5 /* SwiftGen */ = {
			isa = PBXGroup;
			children = (
				93B2576C2803E762000BECA5 /* Assets-Gen.swift */,
				93B2576D2803E762000BECA5 /* Strings-Gen.swift */,
			);
			path = SwiftGen;
			sourceTree = "<group>";
		};
		93B37A5228050CAE00058E10 /* Normal */ = {
			isa = PBXGroup;
			children = (
				93B257612803E172000BECA5 /* HomeCell.swift */,
				93B257622803E172000BECA5 /* HomeCell.xib */,
			);
			path = Normal;
			sourceTree = "<group>";
		};
		93B37A5328050CBC00058E10 /* Projects */ = {
			isa = PBXGroup;
			children = (
				931CD1F7280563A1004EC061 /* Cell */,
				93B37A5428050CE800058E10 /* ProjectsCell.swift */,
				93B37A5528050CE800058E10 /* ProjectsCell.xib */,
			);
			path = Projects;
			sourceTree = "<group>";
		};
		93D5976D280D903700C4C345 /* NewProject */ = {
			isa = PBXGroup;
			children = (
				93D5976E280D905300C4C345 /* NewProjectVC.xib */,
				93D5976F280D905300C4C345 /* NewProjectVM.swift */,
				93D59770280D905300C4C345 /* NewProjectVC.swift */,
			);
			path = NewProject;
			sourceTree = "<group>";
		};
		93DA6C51280874D20077D3F7 /* ProjectList */ = {
			isa = PBXGroup;
			children = (
				9317011D2809A3B50005C030 /* Cell */,
				93DA6C52280874E40077D3F7 /* ProjectListVC.xib */,
				93DA6C53280874E40077D3F7 /* ProjectListVM.swift */,
				93DA6C54280874E40077D3F7 /* ProjectListVC.swift */,
			);
			path = ProjectList;
			sourceTree = "<group>";
		};
		A5690CE4BFE8650CDAE6A7B7 /* Pods */ = {
			isa = PBXGroup;
			children = (
				43D4E4D20EEDDB4E3399CC79 /* Pods-Capmix.debug.xcconfig */,
				97BC998B569D8DEBB99121D5 /* Pods-Capmix.release.xcconfig */,
			);
			path = Pods;
			sourceTree = "<group>";
		};
		EEC4D72D6BA1CFFC147E2918 /* Frameworks */ = {
			isa = PBXGroup;
			children = (
				1A79D60AF815412A0681B9D9 /* Pods_Capmix.framework */,
			);
			name = Frameworks;
			sourceTree = "<group>";
		};
/* End PBXGroup section */

/* Begin PBXNativeTarget section */
		936E9FD52802CE920034E2CC /* Capmix */ = {
			isa = PBXNativeTarget;
			buildConfigurationList = 936E9FEA2802CE950034E2CC /* Build configuration list for PBXNativeTarget "Capmix" */;
			buildPhases = (
				CC0A72E09C28F8CA8FEE078D /* [CP] Check Pods Manifest.lock */,
				936E9FD22802CE920034E2CC /* Sources */,
				936E9FD32802CE920034E2CC /* Frameworks */,
				936E9FD42802CE920034E2CC /* Resources */,
				FD0E73F4CBF74085663A49C7 /* [CP] Embed Pods Frameworks */,
				93463D9928104541003B86DE /* Embed Frameworks */,
			);
			buildRules = (
			);
			dependencies = (
			);
			name = Capmix;
			productName = Capmix;
			productReference = 936E9FD62802CE920034E2CC /* Capmix.app */;
			productType = "com.apple.product-type.application";
		};
/* End PBXNativeTarget section */

/* Begin PBXProject section */
		936E9FCE2802CE920034E2CC /* Project object */ = {
			isa = PBXProject;
			attributes = {
				BuildIndependentTargetsInParallel = 1;
				LastSwiftUpdateCheck = 1320;
				LastUpgradeCheck = 1320;
				TargetAttributes = {
					936E9FD52802CE920034E2CC = {
						CreatedOnToolsVersion = 13.2;
					};
				};
			};
			buildConfigurationList = 936E9FD12802CE920034E2CC /* Build configuration list for PBXProject "Capmix" */;
			compatibilityVersion = "Xcode 13.0";
			developmentRegion = en;
			hasScannedForEncodings = 0;
			knownRegions = (
				en,
				Base,
			);
			mainGroup = 936E9FCD2802CE920034E2CC;
			productRefGroup = 936E9FD72802CE920034E2CC /* Products */;
			projectDirPath = "";
			projectRoot = "";
			targets = (
				936E9FD52802CE920034E2CC /* Capmix */,
			);
		};
/* End PBXProject section */

/* Begin PBXResourcesBuildPhase section */
		936E9FD42802CE920034E2CC /* Resources */ = {
			isa = PBXResourcesBuildPhase;
			buildActionMask = 2147483647;
			files = (
				931CD2072805690A004EC061 /* CheclCLCell.xib in Resources */,
				936EA0402802E1C80034E2CC /* FontsFree-Net-SFProText-Semibold.ttf in Resources */,
				936EA0412802E1C80034E2CC /* FontsFree-Net-SFProText-Medium.ttf in Resources */,
				93B2576A2803E72C000BECA5 /* Localizable.strings in Resources */,
				936EA0422802E1C80034E2CC /* FontsFree-Net-SFProDisplay-Bold.ttf in Resources */,
				931CD1FB280563C9004EC061 /* NearsCell.xib in Resources */,
				9399C1F82806D9FB007414FC /* TimeLineView.xib in Resources */,
				931CD20C28056D0F004EC061 /* RecordingVC.xib in Resources */,
				936E9FE62802CE940034E2CC /* LaunchScreen.storyboard in Resources */,
				93B257642803E172000BECA5 /* HomeCell.xib in Resources */,
				931CD2002805680F004EC061 /* CheckVC.xib in Resources */,
				936EA01A2802DFCC0034E2CC /* HomeVC.xib in Resources */,
				93B37A5728050CE800058E10 /* ProjectsCell.xib in Resources */,
				93D59771280D905300C4C345 /* NewProjectVC.xib in Resources */,
				936E9FE32802CE940034E2CC /* Assets.xcassets in Resources */,
				93DA6C55280874E40077D3F7 /* ProjectListVC.xib in Resources */,
				93A31F872814FCDC00DAAA1F /* ExportAudioVC.xib in Resources */,
				936EA02B2802E1780034E2CC /* ListFont.xib in Resources */,
				936E9FE12802CE920034E2CC /* Main.storyboard in Resources */,
				931701302809D3720005C030 /* ImportPopupVC.xib in Resources */,
				931701262809A42E0005C030 /* ProjectListCell.xib in Resources */,
				936EA03F2802E1C80034E2CC /* FontsFree-Net-SFProText-Regular.ttf in Resources */,
				9317012B2809A63A0005C030 /* MyMusicCell.xib in Resources */,
			);
			runOnlyForDeploymentPostprocessing = 0;
		};
/* End PBXResourcesBuildPhase section */

/* Begin PBXShellScriptBuildPhase section */
		CC0A72E09C28F8CA8FEE078D /* [CP] Check Pods Manifest.lock */ = {
			isa = PBXShellScriptBuildPhase;
			buildActionMask = 2147483647;
			files = (
			);
			inputFileListPaths = (
			);
			inputPaths = (
				"${PODS_PODFILE_DIR_PATH}/Podfile.lock",
				"${PODS_ROOT}/Manifest.lock",
			);
			name = "[CP] Check Pods Manifest.lock";
			outputFileListPaths = (
			);
			outputPaths = (
				"$(DERIVED_FILE_DIR)/Pods-Capmix-checkManifestLockResult.txt",
			);
			runOnlyForDeploymentPostprocessing = 0;
			shellPath = /bin/sh;
			shellScript = "diff \"${PODS_PODFILE_DIR_PATH}/Podfile.lock\" \"${PODS_ROOT}/Manifest.lock\" > /dev/null\nif [ $? != 0 ] ; then\n    # print error to STDERR\n    echo \"error: The sandbox is not in sync with the Podfile.lock. Run 'pod install' or update your CocoaPods installation.\" >&2\n    exit 1\nfi\n# This output is used by Xcode 'outputs' to avoid re-running this script phase.\necho \"SUCCESS\" > \"${SCRIPT_OUTPUT_FILE_0}\"\n";
			showEnvVarsInLog = 0;
		};
		FD0E73F4CBF74085663A49C7 /* [CP] Embed Pods Frameworks */ = {
			isa = PBXShellScriptBuildPhase;
			buildActionMask = 2147483647;
			files = (
			);
			inputFileListPaths = (
				"${PODS_ROOT}/Target Support Files/Pods-Capmix/Pods-Capmix-frameworks-${CONFIGURATION}-input-files.xcfilelist",
			);
			name = "[CP] Embed Pods Frameworks";
			outputFileListPaths = (
				"${PODS_ROOT}/Target Support Files/Pods-Capmix/Pods-Capmix-frameworks-${CONFIGURATION}-output-files.xcfilelist",
			);
			runOnlyForDeploymentPostprocessing = 0;
			shellPath = /bin/sh;
			shellScript = "\"${PODS_ROOT}/Target Support Files/Pods-Capmix/Pods-Capmix-frameworks.sh\"\n";
			showEnvVarsInLog = 0;
		};
/* End PBXShellScriptBuildPhase section */

/* Begin PBXSourcesBuildPhase section */
		936E9FD22802CE920034E2CC /* Sources */ = {
			isa = PBXSourcesBuildPhase;
			buildActionMask = 2147483647;
			files = (
				931CD1FA280563C9004EC061 /* NearsCell.swift in Sources */,
				931701312809D3720005C030 /* ImportPopupVM.swift in Sources */,
				936E9FFB2802D8C10034E2CC /* Request.swift in Sources */,
				936EA01E2802E0A20034E2CC /* UIFont+Extension.swift in Sources */,
				936EA00C2802DBE70034E2CC /* Storage.swift in Sources */,
				93B257662803E50D000BECA5 /* BaseTableViewCell.swift in Sources */,
				9317580E2802F01C007FB3FE /* BaseVC.swift in Sources */,
				930F256E28191A78001E56BF /* Encode+Extension.swift in Sources */,
				936EA00D2802DBE70034E2CC /* AppSettings.swift in Sources */,
				9399C1F62806D9E9007414FC /* TimeLineView.swift in Sources */,
				93A31F882814FCDC00DAAA1F /* ExportAudioVM.swift in Sources */,
				936EA01C2802DFCC0034E2CC /* HomeVC.swift in Sources */,
				936E9FF92802D8C10034E2CC /* ErrorTracker.swift in Sources */,
				931701252809A42E0005C030 /* ProjectListCell.swift in Sources */,
				931701322809D3720005C030 /* ImportPopupVC.swift in Sources */,
				931CD2012805680F004EC061 /* CheckVM.swift in Sources */,
				93B2576F2803E762000BECA5 /* Strings-Gen.swift in Sources */,
				93D59773280D905300C4C345 /* NewProjectVC.swift in Sources */,
				936EA0002802D9090034E2CC /* Obserable+Extension.swift in Sources */,
				936EA0232802E0C90034E2CC /* Constant.swift in Sources */,
				93B37A5628050CE800058E10 /* ProjectsCell.swift in Sources */,
				936EA01B2802DFCC0034E2CC /* HomeVM.swift in Sources */,
				93B257632803E172000BECA5 /* HomeCell.swift in Sources */,
				93D59772280D905300C4C345 /* NewProjectVM.swift in Sources */,
				936E9FFD2802D8C10034E2CC /* RealmModel.swift in Sources */,
				936E9FDE2802CE920034E2CC /* ViewController.swift in Sources */,
				93A31F892814FCDC00DAAA1F /* ExportAudioVC.swift in Sources */,
				936EA0152802DF510034E2CC /* CampixManage.swift in Sources */,
				936E9FDA2802CE920034E2CC /* AppDelegate.swift in Sources */,
				93DA6C56280874E40077D3F7 /* ProjectListVM.swift in Sources */,
				931CD20E28056D0F004EC061 /* RecordingVC.swift in Sources */,
				936E9FFC2802D8C10034E2CC /* RealmManager.swift in Sources */,
				931CD20D28056D0F004EC061 /* RecordingVM.swift in Sources */,
				93516E2228184F3800961144 /* PushNotificationKeys.swift in Sources */,
				93B2576E2803E762000BECA5 /* Assets-Gen.swift in Sources */,
				93DA6C57280874E40077D3F7 /* ProjectListVC.swift in Sources */,
				936E9FDC2802CE920034E2CC /* SceneDelegate.swift in Sources */,
				936E9FFA2802D8C10034E2CC /* ReadJson.swift in Sources */,
				939BADB92805BEBE0054768D /* PropertyWapper.swift in Sources */,
				936EA00F2802DBE70034E2CC /* ResultURLModel.swift in Sources */,
				936E9FF82802D8C10034E2CC /* OptionalMessageDTO.swift in Sources */,
				931CD2062805690A004EC061 /* CheclCLCell.swift in Sources */,
				936EA02A2802E1780034E2CC /* ListFont.swift in Sources */,
				9317012A2809A63A0005C030 /* MyMusicCell.swift in Sources */,
				936EA0102802DBE70034E2CC /* RangeTimeSlider.swift in Sources */,
				936EA0242802E0C90034E2CC /* GetHeightSafeArea.swift in Sources */,
				936EA0252802E0C90034E2CC /* SettingDefaultFont.swift in Sources */,
				931CD2022805680F004EC061 /* CheckVC.swift in Sources */,
			);
			runOnlyForDeploymentPostprocessing = 0;
		};
/* End PBXSourcesBuildPhase section */

/* Begin PBXVariantGroup section */
		936E9FDF2802CE920034E2CC /* Main.storyboard */ = {
			isa = PBXVariantGroup;
			children = (
				936E9FE02802CE920034E2CC /* Base */,
			);
			name = Main.storyboard;
			sourceTree = "<group>";
		};
		936E9FE42802CE940034E2CC /* LaunchScreen.storyboard */ = {
			isa = PBXVariantGroup;
			children = (
				936E9FE52802CE940034E2CC /* Base */,
			);
			name = LaunchScreen.storyboard;
			sourceTree = "<group>";
		};
/* End PBXVariantGroup section */

/* Begin XCBuildConfiguration section */
		936E9FE82802CE950034E2CC /* Debug */ = {
			isa = XCBuildConfiguration;
			buildSettings = {
				ALWAYS_SEARCH_USER_PATHS = NO;
				CLANG_ANALYZER_NONNULL = YES;
				CLANG_ANALYZER_NUMBER_OBJECT_CONVERSION = YES_AGGRESSIVE;
				CLANG_CXX_LANGUAGE_STANDARD = "gnu++17";
				CLANG_CXX_LIBRARY = "libc++";
				CLANG_ENABLE_MODULES = YES;
				CLANG_ENABLE_OBJC_ARC = YES;
				CLANG_ENABLE_OBJC_WEAK = YES;
				CLANG_WARN_BLOCK_CAPTURE_AUTORELEASING = YES;
				CLANG_WARN_BOOL_CONVERSION = YES;
				CLANG_WARN_COMMA = YES;
				CLANG_WARN_CONSTANT_CONVERSION = YES;
				CLANG_WARN_DEPRECATED_OBJC_IMPLEMENTATIONS = YES;
				CLANG_WARN_DIRECT_OBJC_ISA_USAGE = YES_ERROR;
				CLANG_WARN_DOCUMENTATION_COMMENTS = YES;
				CLANG_WARN_EMPTY_BODY = YES;
				CLANG_WARN_ENUM_CONVERSION = YES;
				CLANG_WARN_INFINITE_RECURSION = YES;
				CLANG_WARN_INT_CONVERSION = YES;
				CLANG_WARN_NON_LITERAL_NULL_CONVERSION = YES;
				CLANG_WARN_OBJC_IMPLICIT_RETAIN_SELF = YES;
				CLANG_WARN_OBJC_LITERAL_CONVERSION = YES;
				CLANG_WARN_OBJC_ROOT_CLASS = YES_ERROR;
				CLANG_WARN_QUOTED_INCLUDE_IN_FRAMEWORK_HEADER = YES;
				CLANG_WARN_RANGE_LOOP_ANALYSIS = YES;
				CLANG_WARN_STRICT_PROTOTYPES = YES;
				CLANG_WARN_SUSPICIOUS_MOVE = YES;
				CLANG_WARN_UNGUARDED_AVAILABILITY = YES_AGGRESSIVE;
				CLANG_WARN_UNREACHABLE_CODE = YES;
				CLANG_WARN__DUPLICATE_METHOD_MATCH = YES;
				COPY_PHASE_STRIP = NO;
				DEBUG_INFORMATION_FORMAT = dwarf;
				ENABLE_STRICT_OBJC_MSGSEND = YES;
				ENABLE_TESTABILITY = YES;
				GCC_C_LANGUAGE_STANDARD = gnu11;
				GCC_DYNAMIC_NO_PIC = NO;
				GCC_NO_COMMON_BLOCKS = YES;
				GCC_OPTIMIZATION_LEVEL = 0;
				GCC_PREPROCESSOR_DEFINITIONS = (
					"DEBUG=1",
					"$(inherited)",
				);
				GCC_WARN_64_TO_32_BIT_CONVERSION = YES;
				GCC_WARN_ABOUT_RETURN_TYPE = YES_ERROR;
				GCC_WARN_UNDECLARED_SELECTOR = YES;
				GCC_WARN_UNINITIALIZED_AUTOS = YES_AGGRESSIVE;
				GCC_WARN_UNUSED_FUNCTION = YES;
				GCC_WARN_UNUSED_VARIABLE = YES;
				IPHONEOS_DEPLOYMENT_TARGET = 13.0;
				MTL_ENABLE_DEBUG_INFO = INCLUDE_SOURCE;
				MTL_FAST_MATH = YES;
				ONLY_ACTIVE_ARCH = YES;
				SDKROOT = iphoneos;
				SWIFT_ACTIVE_COMPILATION_CONDITIONS = DEBUG;
				SWIFT_OPTIMIZATION_LEVEL = "-Onone";
			};
			name = Debug;
		};
		936E9FE92802CE950034E2CC /* Release */ = {
			isa = XCBuildConfiguration;
			buildSettings = {
				ALWAYS_SEARCH_USER_PATHS = NO;
				CLANG_ANALYZER_NONNULL = YES;
				CLANG_ANALYZER_NUMBER_OBJECT_CONVERSION = YES_AGGRESSIVE;
				CLANG_CXX_LANGUAGE_STANDARD = "gnu++17";
				CLANG_CXX_LIBRARY = "libc++";
				CLANG_ENABLE_MODULES = YES;
				CLANG_ENABLE_OBJC_ARC = YES;
				CLANG_ENABLE_OBJC_WEAK = YES;
				CLANG_WARN_BLOCK_CAPTURE_AUTORELEASING = YES;
				CLANG_WARN_BOOL_CONVERSION = YES;
				CLANG_WARN_COMMA = YES;
				CLANG_WARN_CONSTANT_CONVERSION = YES;
				CLANG_WARN_DEPRECATED_OBJC_IMPLEMENTATIONS = YES;
				CLANG_WARN_DIRECT_OBJC_ISA_USAGE = YES_ERROR;
				CLANG_WARN_DOCUMENTATION_COMMENTS = YES;
				CLANG_WARN_EMPTY_BODY = YES;
				CLANG_WARN_ENUM_CONVERSION = YES;
				CLANG_WARN_INFINITE_RECURSION = YES;
				CLANG_WARN_INT_CONVERSION = YES;
				CLANG_WARN_NON_LITERAL_NULL_CONVERSION = YES;
				CLANG_WARN_OBJC_IMPLICIT_RETAIN_SELF = YES;
				CLANG_WARN_OBJC_LITERAL_CONVERSION = YES;
				CLANG_WARN_OBJC_ROOT_CLASS = YES_ERROR;
				CLANG_WARN_QUOTED_INCLUDE_IN_FRAMEWORK_HEADER = YES;
				CLANG_WARN_RANGE_LOOP_ANALYSIS = YES;
				CLANG_WARN_STRICT_PROTOTYPES = YES;
				CLANG_WARN_SUSPICIOUS_MOVE = YES;
				CLANG_WARN_UNGUARDED_AVAILABILITY = YES_AGGRESSIVE;
				CLANG_WARN_UNREACHABLE_CODE = YES;
				CLANG_WARN__DUPLICATE_METHOD_MATCH = YES;
				COPY_PHASE_STRIP = NO;
				DEBUG_INFORMATION_FORMAT = "dwarf-with-dsym";
				ENABLE_NS_ASSERTIONS = NO;
				ENABLE_STRICT_OBJC_MSGSEND = YES;
				GCC_C_LANGUAGE_STANDARD = gnu11;
				GCC_NO_COMMON_BLOCKS = YES;
				GCC_WARN_64_TO_32_BIT_CONVERSION = YES;
				GCC_WARN_ABOUT_RETURN_TYPE = YES_ERROR;
				GCC_WARN_UNDECLARED_SELECTOR = YES;
				GCC_WARN_UNINITIALIZED_AUTOS = YES_AGGRESSIVE;
				GCC_WARN_UNUSED_FUNCTION = YES;
				GCC_WARN_UNUSED_VARIABLE = YES;
				IPHONEOS_DEPLOYMENT_TARGET = 13.0;
				MTL_ENABLE_DEBUG_INFO = NO;
				MTL_FAST_MATH = YES;
				SDKROOT = iphoneos;
				SWIFT_COMPILATION_MODE = wholemodule;
				SWIFT_OPTIMIZATION_LEVEL = "-O";
				VALIDATE_PRODUCT = YES;
			};
			name = Release;
		};
		936E9FEB2802CE950034E2CC /* Debug */ = {
			isa = XCBuildConfiguration;
			baseConfigurationReference = 43D4E4D20EEDDB4E3399CC79 /* Pods-Capmix.debug.xcconfig */;
			buildSettings = {
				ASSETCATALOG_COMPILER_APPICON_NAME = AppIcon;
				ASSETCATALOG_COMPILER_GLOBAL_ACCENT_COLOR_NAME = AccentColor;
				CODE_SIGN_STYLE = Automatic;
				CURRENT_PROJECT_VERSION = 1;
				DEVELOPMENT_TEAM = ZX8LBHXXZB;
				FRAMEWORK_SEARCH_PATHS = (
					"$(inherited)",
					"$(PROJECT_DIR)/Capmix",
				);
				GENERATE_INFOPLIST_FILE = YES;
				INFOPLIST_FILE = Capmix/Info.plist;
				INFOPLIST_KEY_UIApplicationSupportsIndirectInputEvents = YES;
				INFOPLIST_KEY_UILaunchStoryboardName = LaunchScreen;
				INFOPLIST_KEY_UIMainStoryboardFile = Main;
				INFOPLIST_KEY_UISupportedInterfaceOrientations_iPad = "UIInterfaceOrientationPortrait UIInterfaceOrientationPortraitUpsideDown UIInterfaceOrientationLandscapeLeft UIInterfaceOrientationLandscapeRight";
				INFOPLIST_KEY_UISupportedInterfaceOrientations_iPhone = "UIInterfaceOrientationPortrait UIInterfaceOrientationLandscapeLeft UIInterfaceOrientationLandscapeRight";
				IPHONEOS_DEPLOYMENT_TARGET = 13.0;
				LD_RUNPATH_SEARCH_PATHS = (
					"$(inherited)",
					"@executable_path/Frameworks",
				);
				MARKETING_VERSION = 1.0;
				PRODUCT_BUNDLE_IDENTIFIER = haiphan.Capmix;
				PRODUCT_NAME = "$(TARGET_NAME)";
				SWIFT_EMIT_LOC_STRINGS = YES;
				SWIFT_VERSION = 5.0;
				TARGETED_DEVICE_FAMILY = "1,2";
			};
			name = Debug;
		};
		936E9FEC2802CE950034E2CC /* Release */ = {
			isa = XCBuildConfiguration;
			baseConfigurationReference = 97BC998B569D8DEBB99121D5 /* Pods-Capmix.release.xcconfig */;
			buildSettings = {
				ASSETCATALOG_COMPILER_APPICON_NAME = AppIcon;
				ASSETCATALOG_COMPILER_GLOBAL_ACCENT_COLOR_NAME = AccentColor;
				CODE_SIGN_STYLE = Automatic;
				CURRENT_PROJECT_VERSION = 1;
				DEVELOPMENT_TEAM = ZX8LBHXXZB;
				FRAMEWORK_SEARCH_PATHS = (
					"$(inherited)",
					"$(PROJECT_DIR)/Capmix",
				);
				GENERATE_INFOPLIST_FILE = YES;
				INFOPLIST_FILE = Capmix/Info.plist;
				INFOPLIST_KEY_UIApplicationSupportsIndirectInputEvents = YES;
				INFOPLIST_KEY_UILaunchStoryboardName = LaunchScreen;
				INFOPLIST_KEY_UIMainStoryboardFile = Main;
				INFOPLIST_KEY_UISupportedInterfaceOrientations_iPad = "UIInterfaceOrientationPortrait UIInterfaceOrientationPortraitUpsideDown UIInterfaceOrientationLandscapeLeft UIInterfaceOrientationLandscapeRight";
				INFOPLIST_KEY_UISupportedInterfaceOrientations_iPhone = "UIInterfaceOrientationPortrait UIInterfaceOrientationLandscapeLeft UIInterfaceOrientationLandscapeRight";
				IPHONEOS_DEPLOYMENT_TARGET = 13.0;
				LD_RUNPATH_SEARCH_PATHS = (
					"$(inherited)",
					"@executable_path/Frameworks",
				);
				MARKETING_VERSION = 1.0;
				PRODUCT_BUNDLE_IDENTIFIER = haiphan.Capmix;
				PRODUCT_NAME = "$(TARGET_NAME)";
				SWIFT_EMIT_LOC_STRINGS = YES;
				SWIFT_VERSION = 5.0;
				TARGETED_DEVICE_FAMILY = "1,2";
			};
			name = Release;
		};
/* End XCBuildConfiguration section */

/* Begin XCConfigurationList section */
		936E9FD12802CE920034E2CC /* Build configuration list for PBXProject "Capmix" */ = {
			isa = XCConfigurationList;
			buildConfigurations = (
				936E9FE82802CE950034E2CC /* Debug */,
				936E9FE92802CE950034E2CC /* Release */,
			);
			defaultConfigurationIsVisible = 0;
			defaultConfigurationName = Release;
		};
		936E9FEA2802CE950034E2CC /* Build configuration list for PBXNativeTarget "Capmix" */ = {
			isa = XCConfigurationList;
			buildConfigurations = (
				936E9FEB2802CE950034E2CC /* Debug */,
				936E9FEC2802CE950034E2CC /* Release */,
			);
			defaultConfigurationIsVisible = 0;
			defaultConfigurationName = Release;
		};
/* End XCConfigurationList section */
	};
	rootObject = 936E9FCE2802CE920034E2CC /* Project object */;
}
